// !$*UTF8*$!
{
	archiveVersion = 1;
	classes = {
	};
	objectVersion = 50;
	objects = {

/* Begin PBXBuildFile section */
		E3470855210084BF00026606 /* AppDelegate.m in Sources */ = {isa = PBXBuildFile; fileRef = E3470854210084BF00026606 /* AppDelegate.m */; };
		E3470858210084BF00026606 /* ViewController.m in Sources */ = {isa = PBXBuildFile; fileRef = E3470857210084BF00026606 /* ViewController.m */; };
		E347085B210084BF00026606 /* Main.storyboard in Resources */ = {isa = PBXBuildFile; fileRef = E3470859210084BF00026606 /* Main.storyboard */; };
		E347085E210084BF00026606 /* NNLearn_OpenGLES.xcdatamodeld in Sources */ = {isa = PBXBuildFile; fileRef = E347085C210084BF00026606 /* NNLearn_OpenGLES.xcdatamodeld */; };
		E3470860210084C400026606 /* Assets.xcassets in Resources */ = {isa = PBXBuildFile; fileRef = E347085F210084C400026606 /* Assets.xcassets */; };
		E3470863210084C400026606 /* LaunchScreen.storyboard in Resources */ = {isa = PBXBuildFile; fileRef = E3470861210084C400026606 /* LaunchScreen.storyboard */; };
		E3470866210084C400026606 /* main.m in Sources */ = {isa = PBXBuildFile; fileRef = E3470865210084C400026606 /* main.m */; };
		E3470870210084C400026606 /* NNLearn_OpenGLESTests.m in Sources */ = {isa = PBXBuildFile; fileRef = E347086F210084C400026606 /* NNLearn_OpenGLESTests.m */; };
		E347087C210087B500026606 /* GLKit.framework in Frameworks */ = {isa = PBXBuildFile; fileRef = E347087B210087B500026606 /* GLKit.framework */; };
		E34708802101D08700026606 /* header.jpeg in Resources */ = {isa = PBXBuildFile; fileRef = E347087F2101D08600026606 /* header.jpeg */; };
/* End PBXBuildFile section */

/* Begin PBXContainerItemProxy section */
		E347086C210084C400026606 /* PBXContainerItemProxy */ = {
			isa = PBXContainerItemProxy;
			containerPortal = E3470848210084BF00026606 /* Project object */;
			proxyType = 1;
			remoteGlobalIDString = E347084F210084BF00026606;
			remoteInfo = NNLearn_OpenGLES;
		};
/* End PBXContainerItemProxy section */

/* Begin PBXFileReference section */
		E3470850210084BF00026606 /* NNLearn_OpenGLES.app */ = {isa = PBXFileReference; explicitFileType = wrapper.application; includeInIndex = 0; path = NNLearn_OpenGLES.app; sourceTree = BUILT_PRODUCTS_DIR; };
		E3470853210084BF00026606 /* AppDelegate.h */ = {isa = PBXFileReference; lastKnownFileType = sourcecode.c.h; path = AppDelegate.h; sourceTree = "<group>"; };
		E3470854210084BF00026606 /* AppDelegate.m */ = {isa = PBXFileReference; lastKnownFileType = sourcecode.c.objc; path = AppDelegate.m; sourceTree = "<group>"; };
		E3470856210084BF00026606 /* ViewController.h */ = {isa = PBXFileReference; lastKnownFileType = sourcecode.c.h; path = ViewController.h; sourceTree = "<group>"; };
		E3470857210084BF00026606 /* ViewController.m */ = {isa = PBXFileReference; lastKnownFileType = sourcecode.c.objc; path = ViewController.m; sourceTree = "<group>"; };
		E347085A210084BF00026606 /* Base */ = {isa = PBXFileReference; lastKnownFileType = file.storyboard; name = Base; path = Base.lproj/Main.storyboard; sourceTree = "<group>"; };
		E347085D210084BF00026606 /* NNLearn_OpenGLES.xcdatamodel */ = {isa = PBXFileReference; lastKnownFileType = wrapper.xcdatamodel; path = NNLearn_OpenGLES.xcdatamodel; sourceTree = "<group>"; };
		E347085F210084C400026606 /* Assets.xcassets */ = {isa = PBXFileReference; lastKnownFileType = folder.assetcatalog; path = Assets.xcassets; sourceTree = "<group>"; };
		E3470862210084C400026606 /* Base */ = {isa = PBXFileReference; lastKnownFileType = file.storyboard; name = Base; path = Base.lproj/LaunchScreen.storyboard; sourceTree = "<group>"; };
		E3470864210084C400026606 /* Info.plist */ = {isa = PBXFileReference; lastKnownFileType = text.plist.xml; path = Info.plist; sourceTree = "<group>"; };
		E3470865210084C400026606 /* main.m */ = {isa = PBXFileReference; lastKnownFileType = sourcecode.c.objc; path = main.m; sourceTree = "<group>"; };
		E347086B210084C400026606 /* NNLearn_OpenGLESTests.xctest */ = {isa = PBXFileReference; explicitFileType = wrapper.cfbundle; includeInIndex = 0; path = NNLearn_OpenGLESTests.xctest; sourceTree = BUILT_PRODUCTS_DIR; };
		E347086F210084C400026606 /* NNLearn_OpenGLESTests.m */ = {isa = PBXFileReference; lastKnownFileType = sourcecode.c.objc; path = NNLearn_OpenGLESTests.m; sourceTree = "<group>"; };
		E3470871210084C400026606 /* Info.plist */ = {isa = PBXFileReference; lastKnownFileType = text.plist.xml; path = Info.plist; sourceTree = "<group>"; };
		E347087B210087B500026606 /* GLKit.framework */ = {isa = PBXFileReference; lastKnownFileType = wrapper.framework; name = GLKit.framework; path = System/Library/Frameworks/GLKit.framework; sourceTree = SDKROOT; };
		E347087F2101D08600026606 /* header.jpeg */ = {isa = PBXFileReference; lastKnownFileType = image.jpeg; path = header.jpeg; sourceTree = "<group>"; };
/* End PBXFileReference section */

/* Begin PBXFrameworksBuildPhase section */
		E347084D210084BF00026606 /* Frameworks */ = {
			isa = PBXFrameworksBuildPhase;
			buildActionMask = 2147483647;
			files = (
				E347087C210087B500026606 /* GLKit.framework in Frameworks */,
			);
			runOnlyForDeploymentPostprocessing = 0;
		};
		E3470868210084C400026606 /* Frameworks */ = {
			isa = PBXFrameworksBuildPhase;
			buildActionMask = 2147483647;
			files = (
			);
			runOnlyForDeploymentPostprocessing = 0;
		};
/* End PBXFrameworksBuildPhase section */

/* Begin PBXGroup section */
		E3470847210084BF00026606 = {
			isa = PBXGroup;
			children = (
				E3470852210084BF00026606 /* NNLearn_OpenGLES */,
				E347086E210084C400026606 /* NNLearn_OpenGLESTests */,
				E3470851210084BF00026606 /* Products */,
				E347087A210087B400026606 /* Frameworks */,
			);
			sourceTree = "<group>";
		};
		E3470851210084BF00026606 /* Products */ = {
			isa = PBXGroup;
			children = (
				E3470850210084BF00026606 /* NNLearn_OpenGLES.app */,
				E347086B210084C400026606 /* NNLearn_OpenGLESTests.xctest */,
			);
			name = Products;
			sourceTree = "<group>";
		};
		E3470852210084BF00026606 /* NNLearn_OpenGLES */ = {
			isa = PBXGroup;
			children = (
				E3470853210084BF00026606 /* AppDelegate.h */,
				E3470854210084BF00026606 /* AppDelegate.m */,
				E3470856210084BF00026606 /* ViewController.h */,
				E3470857210084BF00026606 /* ViewController.m */,
				E3470859210084BF00026606 /* Main.storyboard */,
				E347085F210084C400026606 /* Assets.xcassets */,
				E347087F2101D08600026606 /* header.jpeg */,
				E3470861210084C400026606 /* LaunchScreen.storyboard */,
				E3470864210084C400026606 /* Info.plist */,
				E3470865210084C400026606 /* main.m */,
				E347085C210084BF00026606 /* NNLearn_OpenGLES.xcdatamodeld */,
			);
			path = NNLearn_OpenGLES;
			sourceTree = "<group>";
		};
		E347086E210084C400026606 /* NNLearn_OpenGLESTests */ = {
			isa = PBXGroup;
			children = (
				E347086F210084C400026606 /* NNLearn_OpenGLESTests.m */,
				E3470871210084C400026606 /* Info.plist */,
			);
			path = NNLearn_OpenGLESTests;
			sourceTree = "<group>";
		};
		E347087A210087B400026606 /* Frameworks */ = {
			isa = PBXGroup;
			children = (
				E347087B210087B500026606 /* GLKit.framework */,
			);
			name = Frameworks;
			sourceTree = "<group>";
		};
/* End PBXGroup section */

/* Begin PBXNativeTarget section */
		E347084F210084BF00026606 /* NNLearn_OpenGLES */ = {
			isa = PBXNativeTarget;
			buildConfigurationList = E3470874210084C400026606 /* Build configuration list for PBXNativeTarget "NNLearn_OpenGLES" */;
			buildPhases = (
				E347084C210084BF00026606 /* Sources */,
				E347084D210084BF00026606 /* Frameworks */,
				E347084E210084BF00026606 /* Resources */,
			);
			buildRules = (
			);
			dependencies = (
			);
			name = NNLearn_OpenGLES;
			productName = NNLearn_OpenGLES;
			productReference = E3470850210084BF00026606 /* NNLearn_OpenGLES.app */;
			productType = "com.apple.product-type.application";
		};
		E347086A210084C400026606 /* NNLearn_OpenGLESTests */ = {
			isa = PBXNativeTarget;
			buildConfigurationList = E3470877210084C400026606 /* Build configuration list for PBXNativeTarget "NNLearn_OpenGLESTests" */;
			buildPhases = (
				E3470867210084C400026606 /* Sources */,
				E3470868210084C400026606 /* Frameworks */,
				E3470869210084C400026606 /* Resources */,
			);
			buildRules = (
			);
			dependencies = (
				E347086D210084C400026606 /* PBXTargetDependency */,
			);
			name = NNLearn_OpenGLESTests;
			productName = NNLearn_OpenGLESTests;
			productReference = E347086B210084C400026606 /* NNLearn_OpenGLESTests.xctest */;
			productType = "com.apple.product-type.bundle.unit-test";
		};
/* End PBXNativeTarget section */

/* Begin PBXProject section */
		E3470848210084BF00026606 /* Project object */ = {
			isa = PBXProject;
			attributes = {
				LastUpgradeCheck = 0940;
				ORGANIZATIONNAME = "以梦为马";
				TargetAttributes = {
					E347084F210084BF00026606 = {
						CreatedOnToolsVersion = 9.4.1;
					};
					E347086A210084C400026606 = {
						CreatedOnToolsVersion = 9.4.1;
						TestTargetID = E347084F210084BF00026606;
					};
				};
			};
			buildConfigurationList = E347084B210084BF00026606 /* Build configuration list for PBXProject "NNLearn_OpenGLES" */;
			compatibilityVersion = "Xcode 9.3";
			developmentRegion = en;
			hasScannedForEncodings = 0;
			knownRegions = (
				en,
				Base,
			);
			mainGroup = E3470847210084BF00026606;
			productRefGroup = E3470851210084BF00026606 /* Products */;
			projectDirPath = "";
			projectRoot = "";
			targets = (
				E347084F210084BF00026606 /* NNLearn_OpenGLES */,
				E347086A210084C400026606 /* NNLearn_OpenGLESTests */,
			);
		};
/* End PBXProject section */

/* Begin PBXResourcesBuildPhase section */
		E347084E210084BF00026606 /* Resources */ = {
			isa = PBXResourcesBuildPhase;
			buildActionMask = 2147483647;
			files = (
				E3470863210084C400026606 /* LaunchScreen.storyboard in Resources */,
				E3470860210084C400026606 /* Assets.xcassets in Resources */,
				E34708802101D08700026606 /* header.jpeg in Resources */,
				E347085B210084BF00026606 /* Main.storyboard in Resources */,
			);
			runOnlyForDeploymentPostprocessing = 0;
		};
		E3470869210084C400026606 /* Resources */ = {
			isa = PBXResourcesBuildPhase;
			buildActionMask = 2147483647;
			files = (
			);
			runOnlyForDeploymentPostprocessing = 0;
		};
/* End PBXResourcesBuildPhase section */

/* Begin PBXSourcesBuildPhase section */
		E347084C210084BF00026606 /* Sources */ = {
			isa = PBXSourcesBuildPhase;
			buildActionMask = 2147483647;
			files = (
				E347085E210084BF00026606 /* NNLearn_OpenGLES.xcdatamodeld in Sources */,
				E3470858210084BF00026606 /* ViewController.m in Sources */,
				E3470866210084C400026606 /* main.m in Sources */,
				E3470855210084BF00026606 /* AppDelegate.m in Sources */,
			);
			runOnlyForDeploymentPostprocessing = 0;
		};
		E3470867210084C400026606 /* Sources */ = {
			isa = PBXSourcesBuildPhase;
			buildActionMask = 2147483647;
			files = (
				E3470870210084C400026606 /* NNLearn_OpenGLESTests.m in Sources */,
			);
			runOnlyForDeploymentPostprocessing = 0;
		};
/* End PBXSourcesBuildPhase section */

/* Begin PBXTargetDependency section */
		E347086D210084C400026606 /* PBXTargetDependency */ = {
			isa = PBXTargetDependency;
			target = E347084F210084BF00026606 /* NNLearn_OpenGLES */;
			targetProxy = E347086C210084C400026606 /* PBXContainerItemProxy */;
		};
/* End PBXTargetDependency section */

/* Begin PBXVariantGroup section */
		E3470859210084BF00026606 /* Main.storyboard */ = {
			isa = PBXVariantGroup;
			children = (
				E347085A210084BF00026606 /* Base */,
			);
			name = Main.storyboard;
			sourceTree = "<group>";
		};
		E3470861210084C400026606 /* LaunchScreen.storyboard */ = {
			isa = PBXVariantGroup;
			children = (
				E3470862210084C400026606 /* Base */,
			);
			name = LaunchScreen.storyboard;
			sourceTree = "<group>";
		};
/* End PBXVariantGroup section */

/* Begin XCBuildConfiguration section */
		E3470872210084C400026606 /* Debug */ = {
			isa = XCBuildConfiguration;
			buildSettings = {
				ALWAYS_SEARCH_USER_PATHS = NO;
				CLANG_ANALYZER_NONNULL = YES;
				CLANG_ANALYZER_NUMBER_OBJECT_CONVERSION = YES_AGGRESSIVE;
				CLANG_CXX_LANGUAGE_STANDARD = "gnu++14";
				CLANG_CXX_LIBRARY = "libc++";
				CLANG_ENABLE_MODULES = YES;
				CLANG_ENABLE_OBJC_ARC = YES;
				CLANG_ENABLE_OBJC_WEAK = YES;
				CLANG_WARN_BLOCK_CAPTURE_AUTORELEASING = YES;
				CLANG_WARN_BOOL_CONVERSION = YES;
				CLANG_WARN_COMMA = YES;
				CLANG_WARN_CONSTANT_CONVERSION = YES;
				CLANG_WARN_DEPRECATED_OBJC_IMPLEMENTATIONS = YES;
				CLANG_WARN_DIRECT_OBJC_ISA_USAGE = YES_ERROR;
				CLANG_WARN_DOCUMENTATION_COMMENTS = YES;
				CLANG_WARN_EMPTY_BODY = YES;
				CLANG_WARN_ENUM_CONVERSION = YES;
				CLANG_WARN_INFINITE_RECURSION = YES;
				CLANG_WARN_INT_CONVERSION = YES;
				CLANG_WARN_NON_LITERAL_NULL_CONVERSION = YES;
				CLANG_WARN_OBJC_IMPLICIT_RETAIN_SELF = YES;
				CLANG_WARN_OBJC_LITERAL_CONVERSION = YES;
				CLANG_WARN_OBJC_ROOT_CLASS = YES_ERROR;
				CLANG_WARN_RANGE_LOOP_ANALYSIS = YES;
				CLANG_WARN_STRICT_PROTOTYPES = YES;
				CLANG_WARN_SUSPICIOUS_MOVE = YES;
				CLANG_WARN_UNGUARDED_AVAILABILITY = YES_AGGRESSIVE;
				CLANG_WARN_UNREACHABLE_CODE = YES;
				CLANG_WARN__DUPLICATE_METHOD_MATCH = YES;
				CODE_SIGN_IDENTITY = "iPhone Developer";
				COPY_PHASE_STRIP = NO;
				DEBUG_INFORMATION_FORMAT = dwarf;
				ENABLE_STRICT_OBJC_MSGSEND = YES;
				ENABLE_TESTABILITY = YES;
				GCC_C_LANGUAGE_STANDARD = gnu11;
				GCC_DYNAMIC_NO_PIC = NO;
				GCC_NO_COMMON_BLOCKS = YES;
				GCC_OPTIMIZATION_LEVEL = 0;
				GCC_PREPROCESSOR_DEFINITIONS = (
					"DEBUG=1",
					"$(inherited)",
				);
				GCC_WARN_64_TO_32_BIT_CONVERSION = YES;
				GCC_WARN_ABOUT_RETURN_TYPE = YES_ERROR;
				GCC_WARN_UNDECLARED_SELECTOR = YES;
				GCC_WARN_UNINITIALIZED_AUTOS = YES_AGGRESSIVE;
				GCC_WARN_UNUSED_FUNCTION = YES;
				GCC_WARN_UNUSED_VARIABLE = YES;
				IPHONEOS_DEPLOYMENT_TARGET = 11.4;
				MTL_ENABLE_DEBUG_INFO = YES;
				ONLY_ACTIVE_ARCH = YES;
				SDKROOT = iphoneos;
			};
			name = Debug;
		};
		E3470873210084C400026606 /* Release */ = {
			isa = XCBuildConfiguration;
			buildSettings = {
				ALWAYS_SEARCH_USER_PATHS = NO;
				CLANG_ANALYZER_NONNULL = YES;
				CLANG_ANALYZER_NUMBER_OBJECT_CONVERSION = YES_AGGRESSIVE;
				CLANG_CXX_LANGUAGE_STANDARD = "gnu++14";
				CLANG_CXX_LIBRARY = "libc++";
				CLANG_ENABLE_MODULES = YES;
				CLANG_ENABLE_OBJC_ARC = YES;
				CLANG_ENABLE_OBJC_WEAK = YES;
				CLANG_WARN_BLOCK_CAPTURE_AUTORELEASING = YES;
				CLANG_WARN_BOOL_CONVERSION = YES;
				CLANG_WARN_COMMA = YES;
				CLANG_WARN_CONSTANT_CONVERSION = YES;
				CLANG_WARN_DEPRECATED_OBJC_IMPLEMENTATIONS = YES;
				CLANG_WARN_DIRECT_OBJC_ISA_USAGE = YES_ERROR;
				CLANG_WARN_DOCUMENTATION_COMMENTS = YES;
				CLANG_WARN_EMPTY_BODY = YES;
				CLANG_WARN_ENUM_CONVERSION = YES;
				CLANG_WARN_INFINITE_RECURSION = YES;
				CLANG_WARN_INT_CONVERSION = YES;
				CLANG_WARN_NON_LITERAL_NULL_CONVERSION = YES;
				CLANG_WARN_OBJC_IMPLICIT_RETAIN_SELF = YES;
				CLANG_WARN_OBJC_LITERAL_CONVERSION = YES;
				CLANG_WARN_OBJC_ROOT_CLASS = YES_ERROR;
				CLANG_WARN_RANGE_LOOP_ANALYSIS = YES;
				CLANG_WARN_STRICT_PROTOTYPES = YES;
				CLANG_WARN_SUSPICIOUS_MOVE = YES;
				CLANG_WARN_UNGUARDED_AVAILABILITY = YES_AGGRESSIVE;
				CLANG_WARN_UNREACHABLE_CODE = YES;
				CLANG_WARN__DUPLICATE_METHOD_MATCH = YES;
				CODE_SIGN_IDENTITY = "iPhone Developer";
				COPY_PHASE_STRIP = NO;
				DEBUG_INFORMATION_FORMAT = "dwarf-with-dsym";
				ENABLE_NS_ASSERTIONS = NO;
				ENABLE_STRICT_OBJC_MSGSEND = YES;
				GCC_C_LANGUAGE_STANDARD = gnu11;
				GCC_NO_COMMON_BLOCKS = YES;
				GCC_WARN_64_TO_32_BIT_CONVERSION = YES;
				GCC_WARN_ABOUT_RETURN_TYPE = YES_ERROR;
				GCC_WARN_UNDECLARED_SELECTOR = YES;
				GCC_WARN_UNINITIALIZED_AUTOS = YES_AGGRESSIVE;
				GCC_WARN_UNUSED_FUNCTION = YES;
				GCC_WARN_UNUSED_VARIABLE = YES;
				IPHONEOS_DEPLOYMENT_TARGET = 11.4;
				MTL_ENABLE_DEBUG_INFO = NO;
				SDKROOT = iphoneos;
				VALIDATE_PRODUCT = YES;
			};
			name = Release;
		};
		E3470875210084C400026606 /* Debug */ = {
			isa = XCBuildConfiguration;
			buildSettings = {
				ASSETCATALOG_COMPILER_APPICON_NAME = AppIcon;
				CODE_SIGN_STYLE = Automatic;
				DEVELOPMENT_TEAM = 3M4YENM4Y5;
				INFOPLIST_FILE = NNLearn_OpenGLES/Info.plist;
				IPHONEOS_DEPLOYMENT_TARGET = 10.2;
				LD_RUNPATH_SEARCH_PATHS = (
					"$(inherited)",
					"@executable_path/Frameworks",
				);
				PRODUCT_BUNDLE_IDENTIFIER = OS;
				PRODUCT_NAME = "$(TARGET_NAME)";
				TARGETED_DEVICE_FAMILY = "1,2";
			};
			name = Debug;
		};
		E3470876210084C400026606 /* Release */ = {
			isa = XCBuildConfiguration;
			buildSettings = {
				ASSETCATALOG_COMPILER_APPICON_NAME = AppIcon;
				CODE_SIGN_STYLE = Automatic;
				DEVELOPMENT_TEAM = 3M4YENM4Y5;
				INFOPLIST_FILE = NNLearn_OpenGLES/Info.plist;
				IPHONEOS_DEPLOYMENT_TARGET = 10.2;
				LD_RUNPATH_SEARCH_PATHS = (
					"$(inherited)",
					"@executable_path/Frameworks",
				);
				PRODUCT_BUNDLE_IDENTIFIER = OS;
				PRODUCT_NAME = "$(TARGET_NAME)";
				TARGETED_DEVICE_FAMILY = "1,2";
			};
			name = Release;
		};
		E3470878210084C400026606 /* Debug */ = {
			isa = XCBuildConfiguration;
			buildSettings = {
				BUNDLE_LOADER = "$(TEST_HOST)";
				CODE_SIGN_STYLE = Automatic;
				INFOPLIST_FILE = NNLearn_OpenGLESTests/Info.plist;
				LD_RUNPATH_SEARCH_PATHS = (
					"$(inherited)",
					"@executable_path/Frameworks",
					"@loader_path/Frameworks",
				);
				PRODUCT_BUNDLE_IDENTIFIER = "---.NNLearn-OpenGLESTests";
				PRODUCT_NAME = "$(TARGET_NAME)";
				TARGETED_DEVICE_FAMILY = "1,2";
				TEST_HOST = "$(BUILT_PRODUCTS_DIR)/NNLearn_OpenGLES.app/NNLearn_OpenGLES";
			};
			name = Debug;
		};
		E3470879210084C400026606 /* Release */ = {
			isa = XCBuildConfiguration;
			buildSettings = {
				BUNDLE_LOADER = "$(TEST_HOST)";
				CODE_SIGN_STYLE = Automatic;
				INFOPLIST_FILE = NNLearn_OpenGLESTests/Info.plist;
				LD_RUNPATH_SEARCH_PATHS = (
					"$(inherited)",
					"@executable_path/Frameworks",
					"@loader_path/Frameworks",
				);
				PRODUCT_BUNDLE_IDENTIFIER = "---.NNLearn-OpenGLESTests";
				PRODUCT_NAME = "$(TARGET_NAME)";
				TARGETED_DEVICE_FAMILY = "1,2";
				TEST_HOST = "$(BUILT_PRODUCTS_DIR)/NNLearn_OpenGLES.app/NNLearn_OpenGLES";
			};
			name = Release;
		};
/* End XCBuildConfiguration section */

/* Begin XCConfigurationList section */
		E347084B210084BF00026606 /* Build configuration list for PBXProject "NNLearn_OpenGLES" */ = {
			isa = XCConfigurationList;
			buildConfigurations = (
				E3470872210084C400026606 /* Debug */,
				E3470873210084C400026606 /* Release */,
			);
			defaultConfigurationIsVisible = 0;
			defaultConfigurationName = Release;
		};
		E3470874210084C400026606 /* Build configuration list for PBXNativeTarget "NNLearn_OpenGLES" */ = {
			isa = XCConfigurationList;
			buildConfigurations = (
				E3470875210084C400026606 /* Debug */,
				E3470876210084C400026606 /* Release */,
			);
			defaultConfigurationIsVisible = 0;
			defaultConfigurationName = Release;
		};
		E3470877210084C400026606 /* Build configuration list for PBXNativeTarget "NNLearn_OpenGLESTests" */ = {
			isa = XCConfigurationList;
			buildConfigurations = (
				E3470878210084C400026606 /* Debug */,
				E3470879210084C400026606 /* Release */,
			);
			defaultConfigurationIsVisible = 0;
			defaultConfigurationName = Release;
		};
/* End XCConfigurationList section */

/* Begin XCVersionGroup section */
		E347085C210084BF00026606 /* NNLearn_OpenGLES.xcdatamodeld */ = {
			isa = XCVersionGroup;
			children = (
				E347085D210084BF00026606 /* NNLearn_OpenGLES.xcdatamodel */,
			);
			currentVersion = E347085D210084BF00026606 /* NNLearn_OpenGLES.xcdatamodel */;
			path = NNLearn_OpenGLES.xcdatamodeld;
			sourceTree = "<group>";
			versionGroupType = wrapper.xcdatamodel;
		};
/* End XCVersionGroup section */
	};
	rootObject = E3470848210084BF00026606 /* Project object */;
}
